
Microsoft Visual Studio Solution File, Format Version 12.00
# Visual Studio Version 16
VisualStudioVersion = 16.0.33027.164
MinimumVisualStudioVersion = 10.0.40219.1
Project("{FAE04EC0-301F-11D3-BF4B-00C04F79EFBC}") = "Cobilas.Core.4.5", "Cobilas.Core\Cobilas.Core.4.5.csproj", "{DE7083A5-8E5C-448C-A007-817B1175F244}"
EndProject
Project("{FAE04EC0-301F-11D3-BF4B-00C04F79EFBC}") = "Cobilas.Core.3.5", "Cobilas.Core.3.5\Cobilas.Core.3.5.csproj", "{B96630BC-2005-4561-AC07-84BD0F57AB3E}"
EndProject
Global
	GlobalSection(SolutionConfigurationPlatforms) = preSolution
		Debug|Any CPU = Debug|Any CPU
		Release|Any CPU = Release|Any CPU
	EndGlobalSection
	GlobalSection(ProjectConfigurationPlatforms) = postSolution
		{DE7083A5-8E5C-448C-A007-817B1175F244}.Debug|Any CPU.ActiveCfg = Debug|Any CPU
		{DE7083A5-8E5C-448C-A007-817B1175F244}.Debug|Any CPU.Build.0 = Debug|Any CPU
		{DE7083A5-8E5C-448C-A007-817B1175F244}.Release|Any CPU.ActiveCfg = Release|Any CPU
		{DE7083A5-8E5C-448C-A007-817B1175F244}.Release|Any CPU.Build.0 = Release|Any CPU
		{B96630BC-2005-4561-AC07-84BD0F57AB3E}.Debug|Any CPU.ActiveCfg = Debug|Any CPU
		{B96630BC-2005-4561-AC07-84BD0F57AB3E}.Debug|Any CPU.Build.0 = Debug|Any CPU
		{B96630BC-2005-4561-AC07-84BD0F57AB3E}.Release|Any CPU.ActiveCfg = Release|Any CPU
		{B96630BC-2005-4561-AC07-84BD0F57AB3E}.Release|Any CPU.Build.0 = Release|Any CPU
	EndGlobalSection
	GlobalSection(SolutionProperties) = preSolution
		HideSolutionNode = FALSE
	EndGlobalSection
	GlobalSection(ExtensibilityGlobals) = postSolution
		SolutionGuid = {28E5E27B-42D4-47C9-B7A1-F23C0D7946C5}
	EndGlobalSection
EndGlobal
